
Microsoft Visual Studio Solution File, Format Version 11.00
# Visual Studio 2010
Project("{FAE04EC0-301F-11D3-BF4B-00C04F79EFBC}") = "PostBuildManager", "PostBuildManager\PostBuildManager.csproj", "{A8BE882E-779F-4BBC-BC1B-A96CEAA5CD48}"
EndProject
Global
	GlobalSection(SolutionConfigurationPlatforms) = preSolution
		Debug|x86 = Debug|x86
		Release|x86 = Release|x86
	EndGlobalSection
	GlobalSection(ProjectConfigurationPlatforms) = postSolution
		{A8BE882E-779F-4BBC-BC1B-A96CEAA5CD48}.Debug|x86.ActiveCfg = Debug|x86
		{A8BE882E-779F-4BBC-BC1B-A96CEAA5CD48}.Debug|x86.Build.0 = Debug|x86
		{A8BE882E-779F-4BBC-BC1B-A96CEAA5CD48}.Release|x86.ActiveCfg = Release|x86
		{A8BE882E-779F-4BBC-BC1B-A96CEAA5CD48}.Release|x86.Build.0 = Release|x86
	EndGlobalSection
	GlobalSection(SolutionProperties) = preSolution
		HideSolutionNode = FALSE
	EndGlobalSection
EndGlobal
