
Microsoft Visual Studio Solution File, Format Version 12.00
# Visual Studio 14
VisualStudioVersion = 14.0.23107.0
MinimumVisualStudioVersion = 10.0.40219.1
Project("{FAE04EC0-301F-11D3-BF4B-00C04F79EFBC}") = "WCMS.WebSystem.Apps.SystemApps.WebApp", "SystemParts\WCMS.WebSystem.Apps.SystemApps.WebApp.csproj", "{A1C59CB9-8F6B-43C9-83C5-2C0172A3F53B}"
EndProject
Project("{FAE04EC0-301F-11D3-BF4B-00C04F79EFBC}") = "WCMS.WebSystem.Apps.FileManager", "WCMS.Framework.FileManager\WCMS.WebSystem.Apps.FileManager.csproj", "{CBA33274-AAF7-4D52-954E-7A68466AB44A}"
EndProject
Project("{FAE04EC0-301F-11D3-BF4B-00C04F79EFBC}") = "WCMS.WebSystem.Apps.Article", "WCMS.WebSystem.WebParts.Article\WCMS.WebSystem.Apps.Article.csproj", "{C6474C14-C754-484E-BCE9-EB83CB19A777}"
EndProject
Project("{FAE04EC0-301F-11D3-BF4B-00C04F79EFBC}") = "WCMS.WebSystem.Apps.Contact", "WCMS.WebSystem.WebParts.Contact\WCMS.WebSystem.Apps.Contact.csproj", "{1A95B299-3CC7-4555-983F-34B554F54083}"
EndProject
Project("{FAE04EC0-301F-11D3-BF4B-00C04F79EFBC}") = "WCMS.WebSystem.Apps.EventCalendar", "WCMS.Framework.WebParts.LocalCalendar\WCMS.WebSystem.Apps.EventCalendar.csproj", "{284B1222-3CBC-41BE-BC99-E49AE256776A}"
EndProject
Project("{FAE04EC0-301F-11D3-BF4B-00C04F79EFBC}") = "WCMS.WebSystem.Apps.GenericList", "WCMS.WebSystem.WebParts.GenericList\WCMS.WebSystem.Apps.GenericList.csproj", "{3933DBC1-22F9-4977-9172-CF10C100E58B}"
EndProject
Project("{FAE04EC0-301F-11D3-BF4B-00C04F79EFBC}") = "WCMS.WebSystem.Apps.RemoteIndexer", "WCMS.WebSystem.WebParts.RemoteIndexer\WCMS.WebSystem.Apps.RemoteIndexer.csproj", "{68558349-0DB6-4251-8F90-01A60C0090E7}"
EndProject
Project("{FAE04EC0-301F-11D3-BF4B-00C04F79EFBC}") = "WCMS.WebSystem.Apps.WeeklyScheduler", "WCMS.WebSystem.WebParts.WeeklyScheduler\WCMS.WebSystem.Apps.WeeklyScheduler.csproj", "{BFD14586-F6D6-4A0B-8A6F-9ED085AC879A}"
EndProject
Project("{FAE04EC0-301F-11D3-BF4B-00C04F79EFBC}") = "WCMS.WebSystem.Apps", "WCMS.Framework.WebParts\WCMS.WebSystem.Apps.csproj", "{04BB0FAC-5A5E-4030-AFC4-A1D2B8E13D97}"
EndProject
Global
	GlobalSection(SolutionConfigurationPlatforms) = preSolution
		Debug|Any CPU = Debug|Any CPU
		Debug|x86 = Debug|x86
		Release|Any CPU = Release|Any CPU
		Release|x86 = Release|x86
	EndGlobalSection
	GlobalSection(ProjectConfigurationPlatforms) = postSolution
		{A1C59CB9-8F6B-43C9-83C5-2C0172A3F53B}.Debug|Any CPU.ActiveCfg = Debug|Any CPU
		{A1C59CB9-8F6B-43C9-83C5-2C0172A3F53B}.Debug|Any CPU.Build.0 = Debug|Any CPU
		{A1C59CB9-8F6B-43C9-83C5-2C0172A3F53B}.Debug|x86.ActiveCfg = Debug|Any CPU
		{A1C59CB9-8F6B-43C9-83C5-2C0172A3F53B}.Release|Any CPU.ActiveCfg = Release|Any CPU
		{A1C59CB9-8F6B-43C9-83C5-2C0172A3F53B}.Release|Any CPU.Build.0 = Release|Any CPU
		{A1C59CB9-8F6B-43C9-83C5-2C0172A3F53B}.Release|x86.ActiveCfg = Release|Any CPU
		{CBA33274-AAF7-4D52-954E-7A68466AB44A}.Debug|Any CPU.ActiveCfg = Debug|Any CPU
		{CBA33274-AAF7-4D52-954E-7A68466AB44A}.Debug|Any CPU.Build.0 = Debug|Any CPU
		{CBA33274-AAF7-4D52-954E-7A68466AB44A}.Debug|x86.ActiveCfg = Debug|Any CPU
		{CBA33274-AAF7-4D52-954E-7A68466AB44A}.Release|Any CPU.ActiveCfg = Release|Any CPU
		{CBA33274-AAF7-4D52-954E-7A68466AB44A}.Release|Any CPU.Build.0 = Release|Any CPU
		{CBA33274-AAF7-4D52-954E-7A68466AB44A}.Release|x86.ActiveCfg = Release|Any CPU
		{C6474C14-C754-484E-BCE9-EB83CB19A777}.Debug|Any CPU.ActiveCfg = Debug|Any CPU
		{C6474C14-C754-484E-BCE9-EB83CB19A777}.Debug|Any CPU.Build.0 = Debug|Any CPU
		{C6474C14-C754-484E-BCE9-EB83CB19A777}.Debug|x86.ActiveCfg = Debug|Any CPU
		{C6474C14-C754-484E-BCE9-EB83CB19A777}.Release|Any CPU.ActiveCfg = Release|Any CPU
		{C6474C14-C754-484E-BCE9-EB83CB19A777}.Release|Any CPU.Build.0 = Release|Any CPU
		{C6474C14-C754-484E-BCE9-EB83CB19A777}.Release|x86.ActiveCfg = Release|Any CPU
		{1A95B299-3CC7-4555-983F-34B554F54083}.Debug|Any CPU.ActiveCfg = Debug|Any CPU
		{1A95B299-3CC7-4555-983F-34B554F54083}.Debug|Any CPU.Build.0 = Debug|Any CPU
		{1A95B299-3CC7-4555-983F-34B554F54083}.Debug|x86.ActiveCfg = Debug|Any CPU
		{1A95B299-3CC7-4555-983F-34B554F54083}.Release|Any CPU.ActiveCfg = Release|Any CPU
		{1A95B299-3CC7-4555-983F-34B554F54083}.Release|Any CPU.Build.0 = Release|Any CPU
		{1A95B299-3CC7-4555-983F-34B554F54083}.Release|x86.ActiveCfg = Release|Any CPU
		{284B1222-3CBC-41BE-BC99-E49AE256776A}.Debug|Any CPU.ActiveCfg = Debug|Any CPU
		{284B1222-3CBC-41BE-BC99-E49AE256776A}.Debug|Any CPU.Build.0 = Debug|Any CPU
		{284B1222-3CBC-41BE-BC99-E49AE256776A}.Debug|x86.ActiveCfg = Debug|Any CPU
		{284B1222-3CBC-41BE-BC99-E49AE256776A}.Release|Any CPU.ActiveCfg = Release|Any CPU
		{284B1222-3CBC-41BE-BC99-E49AE256776A}.Release|Any CPU.Build.0 = Release|Any CPU
		{284B1222-3CBC-41BE-BC99-E49AE256776A}.Release|x86.ActiveCfg = Release|Any CPU
		{3933DBC1-22F9-4977-9172-CF10C100E58B}.Debug|Any CPU.ActiveCfg = Debug|Any CPU
		{3933DBC1-22F9-4977-9172-CF10C100E58B}.Debug|Any CPU.Build.0 = Debug|Any CPU
		{3933DBC1-22F9-4977-9172-CF10C100E58B}.Debug|x86.ActiveCfg = Debug|Any CPU
		{3933DBC1-22F9-4977-9172-CF10C100E58B}.Release|Any CPU.ActiveCfg = Release|Any CPU
		{3933DBC1-22F9-4977-9172-CF10C100E58B}.Release|Any CPU.Build.0 = Release|Any CPU
		{3933DBC1-22F9-4977-9172-CF10C100E58B}.Release|x86.ActiveCfg = Release|Any CPU
		{68558349-0DB6-4251-8F90-01A60C0090E7}.Debug|Any CPU.ActiveCfg = Debug|Any CPU
		{68558349-0DB6-4251-8F90-01A60C0090E7}.Debug|Any CPU.Build.0 = Debug|Any CPU
		{68558349-0DB6-4251-8F90-01A60C0090E7}.Debug|x86.ActiveCfg = Debug|x86
		{68558349-0DB6-4251-8F90-01A60C0090E7}.Debug|x86.Build.0 = Debug|x86
		{68558349-0DB6-4251-8F90-01A60C0090E7}.Release|Any CPU.ActiveCfg = Release|Any CPU
		{68558349-0DB6-4251-8F90-01A60C0090E7}.Release|Any CPU.Build.0 = Release|Any CPU
		{68558349-0DB6-4251-8F90-01A60C0090E7}.Release|x86.ActiveCfg = Release|x86
		{68558349-0DB6-4251-8F90-01A60C0090E7}.Release|x86.Build.0 = Release|x86
		{BFD14586-F6D6-4A0B-8A6F-9ED085AC879A}.Debug|Any CPU.ActiveCfg = Debug|Any CPU
		{BFD14586-F6D6-4A0B-8A6F-9ED085AC879A}.Debug|Any CPU.Build.0 = Debug|Any CPU
		{BFD14586-F6D6-4A0B-8A6F-9ED085AC879A}.Debug|x86.ActiveCfg = Debug|Any CPU
		{BFD14586-F6D6-4A0B-8A6F-9ED085AC879A}.Release|Any CPU.ActiveCfg = Release|Any CPU
		{BFD14586-F6D6-4A0B-8A6F-9ED085AC879A}.Release|Any CPU.Build.0 = Release|Any CPU
		{BFD14586-F6D6-4A0B-8A6F-9ED085AC879A}.Release|x86.ActiveCfg = Release|Any CPU
		{04BB0FAC-5A5E-4030-AFC4-A1D2B8E13D97}.Debug|Any CPU.ActiveCfg = Debug|Any CPU
		{04BB0FAC-5A5E-4030-AFC4-A1D2B8E13D97}.Debug|Any CPU.Build.0 = Debug|Any CPU
		{04BB0FAC-5A5E-4030-AFC4-A1D2B8E13D97}.Debug|x86.ActiveCfg = Debug|Any CPU
		{04BB0FAC-5A5E-4030-AFC4-A1D2B8E13D97}.Release|Any CPU.ActiveCfg = Release|Any CPU
		{04BB0FAC-5A5E-4030-AFC4-A1D2B8E13D97}.Release|Any CPU.Build.0 = Release|Any CPU
		{04BB0FAC-5A5E-4030-AFC4-A1D2B8E13D97}.Release|x86.ActiveCfg = Release|Any CPU
	EndGlobalSection
	GlobalSection(SolutionProperties) = preSolution
		HideSolutionNode = FALSE
	EndGlobalSection
EndGlobal
